
Microsoft Visual Studio Solution File, Format Version 12.00
# Visual Studio Version 17
VisualStudioVersion = 17.7.34031.279
MinimumVisualStudioVersion = 10.0.40219.1
Project("{8BC9CEB8-8B4A-11D0-8D11-00A0C91BC942}") = "AIBot", "AIBot\AIBot.vcxproj", "{474C2AD0-9079-4920-AD71-D0DDF0384F70}"
EndProject
Project("{8BC9CEB8-8B4A-11D0-8D11-00A0C91BC942}") = "Inference", "Inference\Inference.vcxproj", "{EDC3CC09-9953-433B-869A-5722A66C0CE6}"
EndProject
Project("{8BC9CEB8-8B4A-11D0-8D11-00A0C91BC942}") = "ScreenCapture", "ScreenCapture\ScreenCapture.vcxproj", "{D138147F-7521-445E-9E6D-81629A607771}"
EndProject
Project("{8BC9CEB8-8B4A-11D0-8D11-00A0C91BC942}") = "MouseEvent", "MouseEvent\MouseEvent.vcxproj", "{73968A1A-AEA6-4689-AA84-84D5CFF684A8}"
EndProject
Project("{8BC9CEB8-8B4A-11D0-8D11-00A0C91BC942}") = "MoveAdaptor", "MoveAdaptor\MoveAdaptor.vcxproj", "{80FAFD57-CA6B-487E-846A-BAE7A802AB53}"
EndProject
Project("{8BC9CEB8-8B4A-11D0-8D11-00A0C91BC942}") = "GeneralInference", "GeneralInference\GeneralInference.vcxproj", "{2D34DA8C-806D-4FD2-B17B-61695053826F}"
EndProject
Project("{8BC9CEB8-8B4A-11D0-8D11-00A0C91BC942}") = "ScreenCapture-game", "ScreenCapture-game\ScreenCapture-game.vcxproj", "{8F3683E7-2133-4EC9-976F-36F3A072E9D1}"
EndProject
Global
	GlobalSection(SolutionConfigurationPlatforms) = preSolution
		Debug|x64 = Debug|x64
		Debug|x86 = Debug|x86
		Release|x64 = Release|x64
		Release|x86 = Release|x86
	EndGlobalSection
	GlobalSection(ProjectConfigurationPlatforms) = postSolution
		{474C2AD0-9079-4920-AD71-D0DDF0384F70}.Debug|x64.ActiveCfg = Debug|x64
		{474C2AD0-9079-4920-AD71-D0DDF0384F70}.Debug|x64.Build.0 = Debug|x64
		{474C2AD0-9079-4920-AD71-D0DDF0384F70}.Debug|x86.ActiveCfg = Debug|Win32
		{474C2AD0-9079-4920-AD71-D0DDF0384F70}.Debug|x86.Build.0 = Debug|Win32
		{474C2AD0-9079-4920-AD71-D0DDF0384F70}.Release|x64.ActiveCfg = Release|x64
		{474C2AD0-9079-4920-AD71-D0DDF0384F70}.Release|x64.Build.0 = Release|x64
		{474C2AD0-9079-4920-AD71-D0DDF0384F70}.Release|x86.ActiveCfg = Release|Win32
		{474C2AD0-9079-4920-AD71-D0DDF0384F70}.Release|x86.Build.0 = Release|Win32
		{EDC3CC09-9953-433B-869A-5722A66C0CE6}.Debug|x64.ActiveCfg = Debug|x64
		{EDC3CC09-9953-433B-869A-5722A66C0CE6}.Debug|x64.Build.0 = Debug|x64
		{EDC3CC09-9953-433B-869A-5722A66C0CE6}.Debug|x86.ActiveCfg = Debug|Win32
		{EDC3CC09-9953-433B-869A-5722A66C0CE6}.Debug|x86.Build.0 = Debug|Win32
		{EDC3CC09-9953-433B-869A-5722A66C0CE6}.Release|x64.ActiveCfg = Release|x64
		{EDC3CC09-9953-433B-869A-5722A66C0CE6}.Release|x64.Build.0 = Release|x64
		{EDC3CC09-9953-433B-869A-5722A66C0CE6}.Release|x86.ActiveCfg = Release|Win32
		{EDC3CC09-9953-433B-869A-5722A66C0CE6}.Release|x86.Build.0 = Release|Win32
		{D138147F-7521-445E-9E6D-81629A607771}.Debug|x64.ActiveCfg = Debug|x64
		{D138147F-7521-445E-9E6D-81629A607771}.Debug|x64.Build.0 = Debug|x64
		{D138147F-7521-445E-9E6D-81629A607771}.Debug|x86.ActiveCfg = Debug|Win32
		{D138147F-7521-445E-9E6D-81629A607771}.Debug|x86.Build.0 = Debug|Win32
		{D138147F-7521-445E-9E6D-81629A607771}.Release|x64.ActiveCfg = Release|x64
		{D138147F-7521-445E-9E6D-81629A607771}.Release|x64.Build.0 = Release|x64
		{D138147F-7521-445E-9E6D-81629A607771}.Release|x86.ActiveCfg = Release|Win32
		{D138147F-7521-445E-9E6D-81629A607771}.Release|x86.Build.0 = Release|Win32
		{73968A1A-AEA6-4689-AA84-84D5CFF684A8}.Debug|x64.ActiveCfg = Debug|x64
		{73968A1A-AEA6-4689-AA84-84D5CFF684A8}.Debug|x64.Build.0 = Debug|x64
		{73968A1A-AEA6-4689-AA84-84D5CFF684A8}.Debug|x86.ActiveCfg = Debug|Win32
		{73968A1A-AEA6-4689-AA84-84D5CFF684A8}.Debug|x86.Build.0 = Debug|Win32
		{73968A1A-AEA6-4689-AA84-84D5CFF684A8}.Release|x64.ActiveCfg = Release|x64
		{73968A1A-AEA6-4689-AA84-84D5CFF684A8}.Release|x64.Build.0 = Release|x64
		{73968A1A-AEA6-4689-AA84-84D5CFF684A8}.Release|x86.ActiveCfg = Release|Win32
		{73968A1A-AEA6-4689-AA84-84D5CFF684A8}.Release|x86.Build.0 = Release|Win32
		{80FAFD57-CA6B-487E-846A-BAE7A802AB53}.Debug|x64.ActiveCfg = Debug|x64
		{80FAFD57-CA6B-487E-846A-BAE7A802AB53}.Debug|x64.Build.0 = Debug|x64
		{80FAFD57-CA6B-487E-846A-BAE7A802AB53}.Debug|x86.ActiveCfg = Debug|Win32
		{80FAFD57-CA6B-487E-846A-BAE7A802AB53}.Debug|x86.Build.0 = Debug|Win32
		{80FAFD57-CA6B-487E-846A-BAE7A802AB53}.Release|x64.ActiveCfg = Release|x64
		{80FAFD57-CA6B-487E-846A-BAE7A802AB53}.Release|x64.Build.0 = Release|x64
		{80FAFD57-CA6B-487E-846A-BAE7A802AB53}.Release|x86.ActiveCfg = Release|Win32
		{80FAFD57-CA6B-487E-846A-BAE7A802AB53}.Release|x86.Build.0 = Release|Win32
		{2D34DA8C-806D-4FD2-B17B-61695053826F}.Debug|x64.ActiveCfg = Debug|x64
		{2D34DA8C-806D-4FD2-B17B-61695053826F}.Debug|x64.Build.0 = Debug|x64
		{2D34DA8C-806D-4FD2-B17B-61695053826F}.Debug|x86.ActiveCfg = Debug|Win32
		{2D34DA8C-806D-4FD2-B17B-61695053826F}.Debug|x86.Build.0 = Debug|Win32
		{2D34DA8C-806D-4FD2-B17B-61695053826F}.Release|x64.ActiveCfg = Release|x64
		{2D34DA8C-806D-4FD2-B17B-61695053826F}.Release|x64.Build.0 = Release|x64
		{2D34DA8C-806D-4FD2-B17B-61695053826F}.Release|x86.ActiveCfg = Release|Win32
		{2D34DA8C-806D-4FD2-B17B-61695053826F}.Release|x86.Build.0 = Release|Win32
		{8F3683E7-2133-4EC9-976F-36F3A072E9D1}.Debug|x64.ActiveCfg = Debug|x64
		{8F3683E7-2133-4EC9-976F-36F3A072E9D1}.Debug|x64.Build.0 = Debug|x64
		{8F3683E7-2133-4EC9-976F-36F3A072E9D1}.Debug|x86.ActiveCfg = Debug|Win32
		{8F3683E7-2133-4EC9-976F-36F3A072E9D1}.Debug|x86.Build.0 = Debug|Win32
		{8F3683E7-2133-4EC9-976F-36F3A072E9D1}.Release|x64.ActiveCfg = Release|x64
		{8F3683E7-2133-4EC9-976F-36F3A072E9D1}.Release|x64.Build.0 = Release|x64
		{8F3683E7-2133-4EC9-976F-36F3A072E9D1}.Release|x86.ActiveCfg = Release|Win32
		{8F3683E7-2133-4EC9-976F-36F3A072E9D1}.Release|x86.Build.0 = Release|Win32
	EndGlobalSection
	GlobalSection(SolutionProperties) = preSolution
		HideSolutionNode = FALSE
	EndGlobalSection
	GlobalSection(ExtensibilityGlobals) = postSolution
		SolutionGuid = {F12B14CE-F980-4DE3-86C6-97B21C5C18CB}
	EndGlobalSection
EndGlobal
